convert:
  cmd: python -m spacy run convert
  script:
    - python scripts/convert.py en assets/sports_topic_training.jsonl corpus/train.spacy
    - python scripts/convert.py en assets/sports_topic_eval.jsonl corpus/dev.spacy
  deps:
    - path: assets/sports_topic_training.jsonl
      md5: c0c789dd88dc462c21a7f7e6d0249f26
    - path: assets/sports_topic_eval.jsonl
      md5: 0c0f97ef96b6742e4f22409e1ca792ea
    - path: scripts/convert.py
      md5: 81a27c7679f32363bca9cbcd12a366d7
  outs:
    - path: corpus/train.spacy
      md5: f7fb59df1b8529a85484cca87c25ba51
    - path: corpus/dev.spacy
      md5: 8ea6cd26d916fc3567b4368a17d806ef
  spacy_version: 3.0.5
  spacy_git_version: 53a3b967a
train:
  cmd: python -m spacy run train
  script:
    - python -m spacy train configs/config.cfg --output training/ --paths.train corpus/train.spacy
      --paths.dev corpus/dev.spacy --nlp.lang en --gpu-id -1
  deps:
    - path: configs/config.cfg
      md5: a816f3124515782349856290f1d7f384
    - path: corpus/train.spacy
      md5: f7fb59df1b8529a85484cca87c25ba51
    - path: corpus/dev.spacy
      md5: 8ea6cd26d916fc3567b4368a17d806ef
  outs:
    - path: training/model-best
      md5: 93157ab1c65b87619f42e338fef10d80
  spacy_version: 3.0.5
  spacy_git_version: 53a3b967a
evaluate:
  cmd: python -m spacy run evaluate
  script:
    - python -m spacy evaluate training/model-best corpus/dev.spacy --output training/metrics.json
  deps:
    - path: corpus/dev.spacy
      md5: 8ea6cd26d916fc3567b4368a17d806ef
    - path: training/model-best
      md5: 93157ab1c65b87619f42e338fef10d80
  outs:
    - path: training/metrics.json
      md5: 2de96ddda514295f9ebdbdd87d345741
  spacy_version: 3.0.5
  spacy_git_version: 53a3b967a
package:
  cmd: python -m spacy run package
  script:
    - python -m spacy package training/model-best packages --name sports_topic_model
      --version 0.0.0 --force
  deps:
    - path: training/model-best
      md5: 93157ab1c65b87619f42e338fef10d80
  outs:
    - path: packages/en_sports_topic_model-0.0.0/dist/en_sports_topic_model-0.0.0.tar.gz
      md5: ebe2aa57ba0c69404d5de1fbc0aef43e
  spacy_version: 3.0.5
  spacy_git_version: 53a3b967a
