convert:
  cmd: python -m spacy run convert
  script:
    - python scripts/convert.py en assets/sports_topic_training.jsonl corpus/train.spacy
    - python scripts/convert.py en assets/sports_topic_eval.jsonl corpus/dev.spacy
  deps:
    - path: assets/sports_topic_training.jsonl
      md5: a7a82cc604a6a053342dabcf044fef05
    - path: assets/sports_topic_eval.jsonl
      md5: 001c5c47a0cd547801a783b46ffa0abd
    - path: scripts/convert.py
      md5: 81a27c7679f32363bca9cbcd12a366d7
  outs:
    - path: corpus/train.spacy
      md5: 6d86c4725662e79130ee6566774774ad
    - path: corpus/dev.spacy
      md5: 9b384c4322443e0cf11afd5d08c5e54f
  spacy_version: 3.0.5
  spacy_git_version: 53a3b967a
train:
  cmd: python -m spacy run train
  script:
    - python -m spacy train configs/config.cfg --output training/ --paths.train corpus/train.spacy
      --paths.dev corpus/dev.spacy --nlp.lang en --gpu-id -1
  deps:
    - path: configs/config.cfg
      md5: a816f3124515782349856290f1d7f384
    - path: corpus/train.spacy
      md5: 6d86c4725662e79130ee6566774774ad
    - path: corpus/dev.spacy
      md5: 9b384c4322443e0cf11afd5d08c5e54f
  outs:
    - path: training/model-best
      md5: 3ce9e7a5b344adf92a6862362400fc80
  spacy_version: 3.0.5
  spacy_git_version: 53a3b967a
evaluate:
  cmd: python -m spacy run evaluate
  script:
    - python -m spacy evaluate training/model-best corpus/dev.spacy --output training/metrics.json
  deps:
    - path: corpus/dev.spacy
      md5: 9b384c4322443e0cf11afd5d08c5e54f
    - path: training/model-best
      md5: 3ce9e7a5b344adf92a6862362400fc80
  outs:
    - path: training/metrics.json
      md5: fde5535ba17c288fec42612901594060
  spacy_version: 3.0.5
  spacy_git_version: 53a3b967a
package:
  cmd: python -m spacy run package
  script:
    - python -m spacy package training/model-best packages --name sports_topic_model
      --version 0.0.0 --force
  deps:
    - path: training/model-best
      md5: 3ce9e7a5b344adf92a6862362400fc80
  outs:
    - path: packages/en_sports_topic_model-0.0.0/dist/en_sports_topic_model-0.0.0.tar.gz
      md5: a340a9fe7ab778f4d476875718e9e602
  spacy_version: 3.0.5
  spacy_git_version: 53a3b967a
